
Microsoft Visual Studio Solution File, Format Version 12.00
# Visual Studio Version 17
VisualStudioVersion = 17.4.33103.184
MinimumVisualStudioVersion = 10.0.40219.1
Project("{FAE04EC0-301F-11D3-BF4B-00C04F79EFBC}") = "proxy-server", "proxy-server\proxy-server.csproj", "{45460C47-75CD-4BDE-83B0-647B14AF680D}"
EndProject
Global
	GlobalSection(SolutionConfigurationPlatforms) = preSolution
		Debug|Any CPU = Debug|Any CPU
		Release|Any CPU = Release|Any CPU
	EndGlobalSection
	GlobalSection(ProjectConfigurationPlatforms) = postSolution
		{45460C47-75CD-4BDE-83B0-647B14AF680D}.Debug|Any CPU.ActiveCfg = Debug|Any CPU
		{45460C47-75CD-4BDE-83B0-647B14AF680D}.Debug|Any CPU.Build.0 = Debug|Any CPU
		{45460C47-75CD-4BDE-83B0-647B14AF680D}.Release|Any CPU.ActiveCfg = Release|Any CPU
		{45460C47-75CD-4BDE-83B0-647B14AF680D}.Release|Any CPU.Build.0 = Release|Any CPU
	EndGlobalSection
	GlobalSection(SolutionProperties) = preSolution
		HideSolutionNode = FALSE
	EndGlobalSection
	GlobalSection(ExtensibilityGlobals) = postSolution
		SolutionGuid = {A348F302-E3A7-40FC-B00B-3E074370DE8A}
	EndGlobalSection
EndGlobal
